hash: 26bd4cfa3a700d34a3e16fb00b639da3b81f17b5a539d2dcd2aadf7d489ac4a8
updated: 2018-12-27T16:54:57.834231-06:00
imports: []
testImports:
- name: github.com/google/go-cmp
  version: 3af367b6b30c263d47e8895973edcca9a49cf029
  subpackages:
  - cmp
  - cmp/internal/diff
  - cmp/internal/function
  - cmp/internal/value
